
Microsoft Visual Studio Solution File, Format Version 12.00
# Visual Studio Version 17
VisualStudioVersion = 17.9.34622.214
MinimumVisualStudioVersion = 10.0.40219.1
Project("{FAE04EC0-301F-11D3-BF4B-00C04F79EFBC}") = "Assignment_techshop", "Assignment_techshop.csproj", "{0CF38FF1-19E4-4760-8335-2F17B23202CF}"
EndProject
Global
	GlobalSection(SolutionConfigurationPlatforms) = preSolution
		Debug|Any CPU = Debug|Any CPU
		Release|Any CPU = Release|Any CPU
	EndGlobalSection
	GlobalSection(ProjectConfigurationPlatforms) = postSolution
		{0CF38FF1-19E4-4760-8335-2F17B23202CF}.Debug|Any CPU.ActiveCfg = Debug|Any CPU
		{0CF38FF1-19E4-4760-8335-2F17B23202CF}.Debug|Any CPU.Build.0 = Debug|Any CPU
		{0CF38FF1-19E4-4760-8335-2F17B23202CF}.Release|Any CPU.ActiveCfg = Release|Any CPU
		{0CF38FF1-19E4-4760-8335-2F17B23202CF}.Release|Any CPU.Build.0 = Release|Any CPU
	EndGlobalSection
	GlobalSection(SolutionProperties) = preSolution
		HideSolutionNode = FALSE
	EndGlobalSection
	GlobalSection(ExtensibilityGlobals) = postSolution
		SolutionGuid = {2F129171-BFC8-4BBA-B12E-60ECA5BCE3FA}
	EndGlobalSection
EndGlobal
